
Microsoft Visual Studio Solution File, Format Version 12.00
# Visual Studio 15
VisualStudioVersion = 15.0.28307.1525
MinimumVisualStudioVersion = 10.0.40219.1
Project("{FAE04EC0-301F-11D3-BF4B-00C04F79EFBC}") = "Assignment4", "Assignment4\Assignment4.csproj", "{4248A844-2CFD-468E-801E-31D048A90871}"
EndProject
Global
	GlobalSection(SolutionConfigurationPlatforms) = preSolution
		Debug|Any CPU = Debug|Any CPU
		Release|Any CPU = Release|Any CPU
	EndGlobalSection
	GlobalSection(ProjectConfigurationPlatforms) = postSolution
		{4248A844-2CFD-468E-801E-31D048A90871}.Debug|Any CPU.ActiveCfg = Debug|Any CPU
		{4248A844-2CFD-468E-801E-31D048A90871}.Debug|Any CPU.Build.0 = Debug|Any CPU
		{4248A844-2CFD-468E-801E-31D048A90871}.Release|Any CPU.ActiveCfg = Release|Any CPU
		{4248A844-2CFD-468E-801E-31D048A90871}.Release|Any CPU.Build.0 = Release|Any CPU
	EndGlobalSection
	GlobalSection(SolutionProperties) = preSolution
		HideSolutionNode = FALSE
	EndGlobalSection
	GlobalSection(ExtensibilityGlobals) = postSolution
		SolutionGuid = {C54EB308-2EFD-429C-9AD7-35E960D23EB4}
	EndGlobalSection
EndGlobal
